
Microsoft Visual Studio Solution File, Format Version 12.00
# Visual Studio Version 17
VisualStudioVersion = 17.1.32421.90
MinimumVisualStudioVersion = 10.0.40219.1
Project("{9A19103F-16F7-4668-BE54-9A1E7A4F7556}") = "ServiceUITray", "ServiceUITray\ServiceUITray.csproj", "{7B781D60-354C-4BB8-9305-D6F33F855EB5}"
EndProject
Global
	GlobalSection(SolutionConfigurationPlatforms) = preSolution
		Debug|Any CPU = Debug|Any CPU
		Release|Any CPU = Release|Any CPU
	EndGlobalSection
	GlobalSection(ProjectConfigurationPlatforms) = postSolution
		{7B781D60-354C-4BB8-9305-D6F33F855EB5}.Debug|Any CPU.ActiveCfg = Debug|Any CPU
		{7B781D60-354C-4BB8-9305-D6F33F855EB5}.Debug|Any CPU.Build.0 = Debug|Any CPU
		{7B781D60-354C-4BB8-9305-D6F33F855EB5}.Release|Any CPU.ActiveCfg = Release|Any CPU
		{7B781D60-354C-4BB8-9305-D6F33F855EB5}.Release|Any CPU.Build.0 = Release|Any CPU
	EndGlobalSection
	GlobalSection(SolutionProperties) = preSolution
		HideSolutionNode = FALSE
	EndGlobalSection
	GlobalSection(ExtensibilityGlobals) = postSolution
		SolutionGuid = {026D6752-B67E-42B4-829D-A0E38D18D520}
	EndGlobalSection
EndGlobal
