
Microsoft Visual Studio Solution File, Format Version 12.00
# Visual Studio Version 16
VisualStudioVersion = 16.0.31105.61
MinimumVisualStudioVersion = 10.0.40219.1
Project("{FAE04EC0-301F-11D3-BF4B-00C04F79EFBC}") = "ServiceUITray", "ServiceUITray\ServiceUITray.csproj", "{5DFDB459-D341-45B2-AFF5-E878806EC2F1}"
EndProject
Global
	GlobalSection(SolutionConfigurationPlatforms) = preSolution
		Debug|Any CPU = Debug|Any CPU
		Debug|x64 = Debug|x64
		Release|Any CPU = Release|Any CPU
		Release|x64 = Release|x64
	EndGlobalSection
	GlobalSection(ProjectConfigurationPlatforms) = postSolution
		{5DFDB459-D341-45B2-AFF5-E878806EC2F1}.Debug|Any CPU.ActiveCfg = Debug|Any CPU
		{5DFDB459-D341-45B2-AFF5-E878806EC2F1}.Debug|Any CPU.Build.0 = Debug|Any CPU
		{5DFDB459-D341-45B2-AFF5-E878806EC2F1}.Debug|x64.ActiveCfg = Debug|x64
		{5DFDB459-D341-45B2-AFF5-E878806EC2F1}.Debug|x64.Build.0 = Debug|x64
		{5DFDB459-D341-45B2-AFF5-E878806EC2F1}.Release|Any CPU.ActiveCfg = Release|Any CPU
		{5DFDB459-D341-45B2-AFF5-E878806EC2F1}.Release|Any CPU.Build.0 = Release|Any CPU
		{5DFDB459-D341-45B2-AFF5-E878806EC2F1}.Release|x64.ActiveCfg = Release|x64
		{5DFDB459-D341-45B2-AFF5-E878806EC2F1}.Release|x64.Build.0 = Release|x64
	EndGlobalSection
	GlobalSection(SolutionProperties) = preSolution
		HideSolutionNode = FALSE
	EndGlobalSection
	GlobalSection(ExtensibilityGlobals) = postSolution
		SolutionGuid = {026D6752-B67E-42B4-829D-A0E38D18D520}
	EndGlobalSection
EndGlobal
